
Microsoft Visual Studio Solution File, Format Version 12.00
# Visual Studio 15
VisualStudioVersion = 15.0.27004.2008
MinimumVisualStudioVersion = 10.0.40219.1
Project("{FAE04EC0-301F-11D3-BF4B-00C04F79EFBC}") = "parser", "parser\parser.csproj", "{0963A66F-806B-4CDC-87C0-0B51BC7B1CAC}"
EndProject
Global
	GlobalSection(SolutionConfigurationPlatforms) = preSolution
		Debug|Any CPU = Debug|Any CPU
		Release|Any CPU = Release|Any CPU
	EndGlobalSection
	GlobalSection(ProjectConfigurationPlatforms) = postSolution
		{0963A66F-806B-4CDC-87C0-0B51BC7B1CAC}.Debug|Any CPU.ActiveCfg = Debug|Any CPU
		{0963A66F-806B-4CDC-87C0-0B51BC7B1CAC}.Debug|Any CPU.Build.0 = Debug|Any CPU
		{0963A66F-806B-4CDC-87C0-0B51BC7B1CAC}.Release|Any CPU.ActiveCfg = Release|Any CPU
		{0963A66F-806B-4CDC-87C0-0B51BC7B1CAC}.Release|Any CPU.Build.0 = Release|Any CPU
	EndGlobalSection
	GlobalSection(SolutionProperties) = preSolution
		HideSolutionNode = FALSE
	EndGlobalSection
	GlobalSection(ExtensibilityGlobals) = postSolution
		SolutionGuid = {D4C0263B-8BC1-44E2-BB15-4DA1F9136D87}
	EndGlobalSection
EndGlobal
